<?xml version="1.0" encoding="utf-8"?>
<Project ToolsVersion="4.0" xmlns="http://schemas.microsoft.com/developer/msbuild/2003">
  <ItemGroup>
    <Filter Include="Source Files">
      <UniqueIdentifier>{4FC737F1-C7A5-4376-A066-2A32D752A2FF}</UniqueIdentifier>
      <Extensions>cpp;c;cc;cxx;def;odl;idl;hpj;bat;asm;asmx</Extensions>
    </Filter>
    <Filter Include="Header Files">
      <UniqueIdentifier>{93995380-89BD-4b04-88EB-625FBE52EBFB}</UniqueIdentifier>
      <Extensions>h;hh;hpp;hxx;hm;inl;inc;ipp;xsd</Extensions>
    </Filter>
    <Filter Include="Resource Files">
      <UniqueIdentifier>{67DA6AB6-F800-4c08-8B7A-83BB121AAD01}</UniqueIdentifier>
      <Extensions>rc;ico;cur;bmp;dlg;rc2;rct;bin;rgs;gif;jpg;jpeg;jpe;resx;tiff;tif;png;wav;mfcribbon-ms</Extensions>
    </Filter>
  </ItemGroup>
  <ItemGroup>
    <ClCompile Include="gamestate.cpp">
      <Filter>Source Files</Filter>
    </ClCompile>
    <ClCompile Include="gdi_renderer.cpp">
      <Filter>Source Files</Filter>
    </ClCompile>
    <ClCompile Include="main.cpp">
      <Filter>Source Files</Filter>
    </ClCompile>
    <ClCompile Include="giraffewar.cpp">
      <Filter>Source Files</Filter>
    </ClCompile>
    <ClCompile Include="Giraffe.cpp">
      <Filter>Source Files</Filter>
    </ClCompile>
    <ClCompile Include="Stage.cpp">
      <Filter>Source Files</Filter>
    </ClCompile>
    <ClCompile Include="Collider.cpp">
      <Filter>Source Files</Filter>
    </ClCompile>
    <ClCompile Include="NormGiraffe.cpp">
      <Filter>Source Files</Filter>
    </ClCompile>
    <ClCompile Include="NormMoveSet.cpp">
      <Filter>Source Files</Filter>
    </ClCompile>
    <ClCompile Include="Projectile.cpp">
      <Filter>Source Files</Filter>
    </ClCompile>
    <ClCompile Include="VecRect.cpp">
      <Filter>Source Files</Filter>
    </ClCompile>
    <ClCompile Include="AudioPlayer.cpp">
      <Filter>Source Files</Filter>
    </ClCompile>
    <ClCompile Include="RobotGiraffe.cpp">
      <Filter>Source Files</Filter>
    </ClCompile>
    <ClCompile Include="RobotMoveSet.cpp">
      <Filter>Source Files</Filter>
    </ClCompile>
  </ItemGroup>
  <ItemGroup>
    <ClInclude Include="gamestate.h">
      <Filter>Header Files</Filter>
    </ClInclude>
    <ClInclude Include="gdi_renderer.h">
      <Filter>Header Files</Filter>
    </ClInclude>
    <ClInclude Include="nongamestate.h">
      <Filter>Header Files</Filter>
    </ClInclude>
    <ClInclude Include="renderer.h">
      <Filter>Header Files</Filter>
    </ClInclude>
    <ClInclude Include="giraffewar.h">
      <Filter>Header Files</Filter>
    </ClInclude>
    <ClInclude Include="Giraffe.h">
      <Filter>Header Files</Filter>
    </ClInclude>
    <ClInclude Include="Stage.h">
      <Filter>Header Files</Filter>
    </ClInclude>
    <ClInclude Include="Collider.h">
      <Filter>Header Files</Filter>
    </ClInclude>
    <ClInclude Include="ArrayQueue.h">
      <Filter>Header Files</Filter>
    </ClInclude>
    <ClInclude Include="MoveSet.h">
      <Filter>Header Files</Filter>
    </ClInclude>
    <ClInclude Include="NormGiraffe.h">
      <Filter>Header Files</Filter>
    </ClInclude>
    <ClInclude Include="NormMoveSet.h">
      <Filter>Header Files</Filter>
    </ClInclude>
    <ClInclude Include="ArrayList.h">
      <Filter>Header Files</Filter>
    </ClInclude>
    <ClInclude Include="Projectile.h">
      <Filter>Header Files</Filter>
    </ClInclude>
    <ClInclude Include="NormProjFuncs.h">
      <Filter>Header Files</Filter>
    </ClInclude>
    <ClInclude Include="resource.h">
      <Filter>Header Files</Filter>
    </ClInclude>
    <ClInclude Include="VecRect.h">
      <Filter>Header Files</Filter>
    </ClInclude>
    <ClInclude Include="AudioPlayer.h">
      <Filter>Header Files</Filter>
    </ClInclude>
    <ClInclude Include="attackbankheader.h">
      <Filter>Header Files</Filter>
    </ClInclude>
    <ClInclude Include="movebankheader.h">
      <Filter>Header Files</Filter>
    </ClInclude>
    <ClInclude Include="RobotGiraffe.h">
      <Filter>Header Files</Filter>
    </ClInclude>
    <ClInclude Include="RobotMoveSet.h">
      <Filter>Header Files</Filter>
    </ClInclude>
    <ClInclude Include="RobotProjFuncs.h">
      <Filter>Header Files</Filter>
    </ClInclude>
  </ItemGroup>
  <ItemGroup>
    <ResourceCompile Include="Resource.rc">
      <Filter>Resource Files</Filter>
    </ResourceCompile>
  </ItemGroup>
  <ItemGroup>
    <Media Include="Sounds\Jump.wav">
      <Filter>Resource Files</Filter>
    </Media>
    <Media Include="Sounds\JumpLand.wav">
      <Filter>Resource Files</Filter>
    </Media>
    <Media Include="Sounds\Hit1.wav">
      <Filter>Resource Files</Filter>
    </Media>
    <Media Include="Sounds\Hit2.wav">
      <Filter>Resource Files</Filter>
    </Media>
  </ItemGroup>
  <ItemGroup>
    <None Include="wave2.bin">
      <Filter>Resource Files</Filter>
    </None>
    <None Include="wave1.bin">
      <Filter>Resource Files</Filter>
    </None>
    <None Include="packages.config" />
  </ItemGroup>
  <ItemGroup>
    <CopyFileToFolders Include="attackbank.xwb" />
    <CopyFileToFolders Include="movebank.xwb" />
  </ItemGroup>
  <ItemGroup>
    <Image Include="Animations\Face.png">
      <Filter>Resource Files</Filter>
    </Image>
  </ItemGroup>
</Project>